
Microsoft Visual Studio Solution File, Format Version 12.00
# Visual Studio 15
VisualStudioVersion = 15.0.27004.2002
MinimumVisualStudioVersion = 10.0.40219.1
Project("{FAE04EC0-301F-11D3-BF4B-00C04F79EFBC}") = "E4GSB", "E4GSB\E4GSB.csproj", "{F317C13F-C732-4685-8466-E926F584548E}"
EndProject
Global
	GlobalSection(SolutionConfigurationPlatforms) = preSolution
		Debug|Any CPU = Debug|Any CPU
		Release|Any CPU = Release|Any CPU
	EndGlobalSection
	GlobalSection(ProjectConfigurationPlatforms) = postSolution
		{F317C13F-C732-4685-8466-E926F584548E}.Debug|Any CPU.ActiveCfg = Debug|Any CPU
		{F317C13F-C732-4685-8466-E926F584548E}.Debug|Any CPU.Build.0 = Debug|Any CPU
		{F317C13F-C732-4685-8466-E926F584548E}.Release|Any CPU.ActiveCfg = Release|Any CPU
		{F317C13F-C732-4685-8466-E926F584548E}.Release|Any CPU.Build.0 = Release|Any CPU
	EndGlobalSection
	GlobalSection(SolutionProperties) = preSolution
		HideSolutionNode = FALSE
	EndGlobalSection
	GlobalSection(ExtensibilityGlobals) = postSolution
		SolutionGuid = {58C76C48-DAF0-4DC6-B22C-7407A7287823}
	EndGlobalSection
EndGlobal
